{
  "name": "stacker",
  "lockfileVersion": 3,
  "requires": true,
  "packages": {
    "": {
      "dependencies": {
        "ws": "^8.21.2"
      }
    },
    "node_modules/ws": {
      "version": "8.21.2",
      "resolved": "https://registry.npmjs.org/ws/-/ws-8.21.2.tgz",
      "integrity": "sha512-54dMVAo4WIe6SKy3vBgN+9bJZqqQ8IMRevAkOLQALhi49qkkQDQfWdAZ8KQlXiEabw88ARXXdUrlvtbKQX+aKw==",
      "engines": {
        "node": ">=10.0.0"
      },
      "peerDependencies": {
        "bufferutil": "^4.0.1",
        "utf-8-validate": ">=5.0.2"
      },
      "peerDependenciesMeta": {
        "bufferutil": {
          "optional": true
        },
        "utf-8-validate": {
          "optional": true
        }
      }
    }
  }
}
